// !$*UTF8*$!
{
	archiveVersion = 1;
	classes = {
	};
	objectVersion = 51;
	objects = {

/* Begin PBXBuildFile section */
		2CB94BAE64815C658556B88E /* Pods_Weather.framework in Frameworks */ = {isa = PBXBuildFile; fileRef = 6A56D1F9DED67D5CB4693F84 /* Pods_Weather.framework */; };
		C53377F6248A9D97002779A5 /* RegisterViewController.swift in Sources */ = {isa = PBXBuildFile; fileRef = C53377F5248A9D97002779A5 /* RegisterViewController.swift */; };
		C53377F8248AAAD9002779A5 /* Style.swift in Sources */ = {isa = PBXBuildFile; fileRef = C53377F7248AAAD9002779A5 /* Style.swift */; };
		C5541BCA248A5F3E00EE737B /* AppDelegate.swift in Sources */ = {isa = PBXBuildFile; fileRef = C5541BC9248A5F3E00EE737B /* AppDelegate.swift */; };
		C5541BCC248A5F3E00EE737B /* SceneDelegate.swift in Sources */ = {isa = PBXBuildFile; fileRef = C5541BCB248A5F3E00EE737B /* SceneDelegate.swift */; };
		C5541BCE248A5F3E00EE737B /* ViewController.swift in Sources */ = {isa = PBXBuildFile; fileRef = C5541BCD248A5F3E00EE737B /* ViewController.swift */; };
		C5541BD1248A5F3E00EE737B /* Main.storyboard in Resources */ = {isa = PBXBuildFile; fileRef = C5541BCF248A5F3E00EE737B /* Main.storyboard */; };
		C5541BD3248A5F4000EE737B /* Assets.xcassets in Resources */ = {isa = PBXBuildFile; fileRef = C5541BD2248A5F4000EE737B /* Assets.xcassets */; };
		C5541BD6248A5F4000EE737B /* LaunchScreen.storyboard in Resources */ = {isa = PBXBuildFile; fileRef = C5541BD4248A5F4000EE737B /* LaunchScreen.storyboard */; };
		C5541BDE248A5FB800EE737B /* GoogleService-Info.plist in Resources */ = {isa = PBXBuildFile; fileRef = C5541BDD248A5FB800EE737B /* GoogleService-Info.plist */; };
		C57BF98C248B7D6400CD1B1C /* WeatherCell.swift in Sources */ = {isa = PBXBuildFile; fileRef = C57BF98B248B7D6400CD1B1C /* WeatherCell.swift */; };
		C57BF992248B988000CD1B1C /* WebViewController.swift in Sources */ = {isa = PBXBuildFile; fileRef = C57BF991248B988000CD1B1C /* WebViewController.swift */; };
		C5B04C27248A8EAE00E5FCCF /* LoginViewController.swift in Sources */ = {isa = PBXBuildFile; fileRef = C5B04C26248A8EAE00E5FCCF /* LoginViewController.swift */; };
		C5CF454A248AB872006059C7 /* Constant.swift in Sources */ = {isa = PBXBuildFile; fileRef = C5CF4549248AB872006059C7 /* Constant.swift */; };
		C5CF454C248ABB01006059C7 /* HomeViewController.swift in Sources */ = {isa = PBXBuildFile; fileRef = C5CF454B248ABB01006059C7 /* HomeViewController.swift */; };
		C5CF454E248B7147006059C7 /* history.city.list.json in Resources */ = {isa = PBXBuildFile; fileRef = C5CF454D248B7147006059C7 /* history.city.list.json */; };
		C5CF4550248B7533006059C7 /* HomeTableViewController.swift in Sources */ = {isa = PBXBuildFile; fileRef = C5CF454F248B7533006059C7 /* HomeTableViewController.swift */; };
/* End PBXBuildFile section */

/* Begin PBXFileReference section */
		106C933A55A3BE600CF308B6 /* Pods-Weather.release.xcconfig */ = {isa = PBXFileReference; includeInIndex = 1; lastKnownFileType = text.xcconfig; name = "Pods-Weather.release.xcconfig"; path = "Target Support Files/Pods-Weather/Pods-Weather.release.xcconfig"; sourceTree = "<group>"; };
		6A56D1F9DED67D5CB4693F84 /* Pods_Weather.framework */ = {isa = PBXFileReference; explicitFileType = wrapper.framework; includeInIndex = 0; path = Pods_Weather.framework; sourceTree = BUILT_PRODUCTS_DIR; };
		C53377F5248A9D97002779A5 /* RegisterViewController.swift */ = {isa = PBXFileReference; lastKnownFileType = sourcecode.swift; path = RegisterViewController.swift; sourceTree = "<group>"; };
		C53377F7248AAAD9002779A5 /* Style.swift */ = {isa = PBXFileReference; lastKnownFileType = sourcecode.swift; path = Style.swift; sourceTree = "<group>"; };
		C5541BC6248A5F3E00EE737B /* Weather.app */ = {isa = PBXFileReference; explicitFileType = wrapper.application; includeInIndex = 0; path = Weather.app; sourceTree = BUILT_PRODUCTS_DIR; };
		C5541BC9248A5F3E00EE737B /* AppDelegate.swift */ = {isa = PBXFileReference; lastKnownFileType = sourcecode.swift; path = AppDelegate.swift; sourceTree = "<group>"; };
		C5541BCB248A5F3E00EE737B /* SceneDelegate.swift */ = {isa = PBXFileReference; lastKnownFileType = sourcecode.swift; path = SceneDelegate.swift; sourceTree = "<group>"; };
		C5541BCD248A5F3E00EE737B /* ViewController.swift */ = {isa = PBXFileReference; lastKnownFileType = sourcecode.swift; path = ViewController.swift; sourceTree = "<group>"; };
		C5541BD0248A5F3E00EE737B /* Base */ = {isa = PBXFileReference; lastKnownFileType = file.storyboard; name = Base; path = Base.lproj/Main.storyboard; sourceTree = "<group>"; };
		C5541BD2248A5F4000EE737B /* Assets.xcassets */ = {isa = PBXFileReference; lastKnownFileType = folder.assetcatalog; path = Assets.xcassets; sourceTree = "<group>"; };
		C5541BD5248A5F4000EE737B /* Base */ = {isa = PBXFileReference; lastKnownFileType = file.storyboard; name = Base; path = Base.lproj/LaunchScreen.storyboard; sourceTree = "<group>"; };
		C5541BD7248A5F4000EE737B /* Info.plist */ = {isa = PBXFileReference; lastKnownFileType = text.plist.xml; path = Info.plist; sourceTree = "<group>"; };
		C5541BDD248A5FB800EE737B /* GoogleService-Info.plist */ = {isa = PBXFileReference; fileEncoding = 4; lastKnownFileType = text.plist.xml; path = "GoogleService-Info.plist"; sourceTree = "<group>"; };
		C57BF98B248B7D6400CD1B1C /* WeatherCell.swift */ = {isa = PBXFileReference; lastKnownFileType = sourcecode.swift; path = WeatherCell.swift; sourceTree = "<group>"; };
		C57BF991248B988000CD1B1C /* WebViewController.swift */ = {isa = PBXFileReference; lastKnownFileType = sourcecode.swift; path = WebViewController.swift; sourceTree = "<group>"; };
		C5B04C26248A8EAE00E5FCCF /* LoginViewController.swift */ = {isa = PBXFileReference; lastKnownFileType = sourcecode.swift; path = LoginViewController.swift; sourceTree = "<group>"; };
		C5CF4549248AB872006059C7 /* Constant.swift */ = {isa = PBXFileReference; lastKnownFileType = sourcecode.swift; path = Constant.swift; sourceTree = "<group>"; };
		C5CF454B248ABB01006059C7 /* HomeViewController.swift */ = {isa = PBXFileReference; lastKnownFileType = sourcecode.swift; path = HomeViewController.swift; sourceTree = "<group>"; };
		C5CF454D248B7147006059C7 /* history.city.list.json */ = {isa = PBXFileReference; fileEncoding = 4; lastKnownFileType = text.json; path = history.city.list.json; sourceTree = "<group>"; };
		C5CF454F248B7533006059C7 /* HomeTableViewController.swift */ = {isa = PBXFileReference; lastKnownFileType = sourcecode.swift; path = HomeTableViewController.swift; sourceTree = "<group>"; };
		FA13B73EFD53FEC4B58658A2 /* Pods-Weather.debug.xcconfig */ = {isa = PBXFileReference; includeInIndex = 1; lastKnownFileType = text.xcconfig; name = "Pods-Weather.debug.xcconfig"; path = "Target Support Files/Pods-Weather/Pods-Weather.debug.xcconfig"; sourceTree = "<group>"; };
/* End PBXFileReference section */

/* Begin PBXFrameworksBuildPhase section */
		C5541BC3248A5F3E00EE737B /* Frameworks */ = {
			isa = PBXFrameworksBuildPhase;
			buildActionMask = 2147483647;
			files = (
				2CB94BAE64815C658556B88E /* Pods_Weather.framework in Frameworks */,
			);
			runOnlyForDeploymentPostprocessing = 0;
		};
/* End PBXFrameworksBuildPhase section */

/* Begin PBXGroup section */
		6461AF4266DBFF06413F7F0A /* Frameworks */ = {
			isa = PBXGroup;
			children = (
				6A56D1F9DED67D5CB4693F84 /* Pods_Weather.framework */,
			);
			name = Frameworks;
			sourceTree = "<group>";
		};
		9916E156BCDC92BFA4BCB8AD /* Pods */ = {
			isa = PBXGroup;
			children = (
				FA13B73EFD53FEC4B58658A2 /* Pods-Weather.debug.xcconfig */,
				106C933A55A3BE600CF308B6 /* Pods-Weather.release.xcconfig */,
			);
			path = Pods;
			sourceTree = "<group>";
		};
		C5541BBD248A5F3E00EE737B = {
			isa = PBXGroup;
			children = (
				C5541BC8248A5F3E00EE737B /* Weather */,
				C5541BC7248A5F3E00EE737B /* Products */,
				9916E156BCDC92BFA4BCB8AD /* Pods */,
				6461AF4266DBFF06413F7F0A /* Frameworks */,
			);
			sourceTree = "<group>";
		};
		C5541BC7248A5F3E00EE737B /* Products */ = {
			isa = PBXGroup;
			children = (
				C5541BC6248A5F3E00EE737B /* Weather.app */,
			);
			name = Products;
			sourceTree = "<group>";
		};
		C5541BC8248A5F3E00EE737B /* Weather */ = {
			isa = PBXGroup;
			children = (
				C5541BC9248A5F3E00EE737B /* AppDelegate.swift */,
				C5541BCB248A5F3E00EE737B /* SceneDelegate.swift */,
				C5541BCD248A5F3E00EE737B /* ViewController.swift */,
				C5541BCF248A5F3E00EE737B /* Main.storyboard */,
				C57BF991248B988000CD1B1C /* WebViewController.swift */,
				C57BF98B248B7D6400CD1B1C /* WeatherCell.swift */,
				C5CF454F248B7533006059C7 /* HomeTableViewController.swift */,
				C5CF454D248B7147006059C7 /* history.city.list.json */,
				C5CF454B248ABB01006059C7 /* HomeViewController.swift */,
				C5CF4549248AB872006059C7 /* Constant.swift */,
				C5B04C26248A8EAE00E5FCCF /* LoginViewController.swift */,
				C53377F7248AAAD9002779A5 /* Style.swift */,
				C53377F5248A9D97002779A5 /* RegisterViewController.swift */,
				C5541BD2248A5F4000EE737B /* Assets.xcassets */,
				C5541BD4248A5F4000EE737B /* LaunchScreen.storyboard */,
				C5541BD7248A5F4000EE737B /* Info.plist */,
				C5541BDD248A5FB800EE737B /* GoogleService-Info.plist */,
			);
			path = Weather;
			sourceTree = "<group>";
		};
/* End PBXGroup section */

/* Begin PBXNativeTarget section */
		C5541BC5248A5F3E00EE737B /* Weather */ = {
			isa = PBXNativeTarget;
			buildConfigurationList = C5541BDA248A5F4000EE737B /* Build configuration list for PBXNativeTarget "Weather" */;
			buildPhases = (
				B2B5A379A5D4B3CA8BCDF2C8 /* [CP] Check Pods Manifest.lock */,
				C5541BC2248A5F3E00EE737B /* Sources */,
				C5541BC3248A5F3E00EE737B /* Frameworks */,
				C5541BC4248A5F3E00EE737B /* Resources */,
				C9D48FE22CEBF655EC44E99B /* [CP] Embed Pods Frameworks */,
			);
			buildRules = (
			);
			dependencies = (
			);
			name = Weather;
			productName = Weather;
			productReference = C5541BC6248A5F3E00EE737B /* Weather.app */;
			productType = "com.apple.product-type.application";
		};
/* End PBXNativeTarget section */

/* Begin PBXProject section */
		C5541BBE248A5F3E00EE737B /* Project object */ = {
			isa = PBXProject;
			attributes = {
				LastSwiftUpdateCheck = 1130;
				LastUpgradeCheck = 1130;
				ORGANIZATIONNAME = "Vanski Corp";
				TargetAttributes = {
					C5541BC5248A5F3E00EE737B = {
						CreatedOnToolsVersion = 11.3.1;
					};
				};
			};
			buildConfigurationList = C5541BC1248A5F3E00EE737B /* Build configuration list for PBXProject "Weather" */;
			compatibilityVersion = "Xcode 9.3";
			developmentRegion = en;
			hasScannedForEncodings = 0;
			knownRegions = (
				en,
				Base,
			);
			mainGroup = C5541BBD248A5F3E00EE737B;
			productRefGroup = C5541BC7248A5F3E00EE737B /* Products */;
			projectDirPath = "";
			projectRoot = "";
			targets = (
				C5541BC5248A5F3E00EE737B /* Weather */,
			);
		};
/* End PBXProject section */

/* Begin PBXResourcesBuildPhase section */
		C5541BC4248A5F3E00EE737B /* Resources */ = {
			isa = PBXResourcesBuildPhase;
			buildActionMask = 2147483647;
			files = (
				C5CF454E248B7147006059C7 /* history.city.list.json in Resources */,
				C5541BD6248A5F4000EE737B /* LaunchScreen.storyboard in Resources */,
				C5541BDE248A5FB800EE737B /* GoogleService-Info.plist in Resources */,
				C5541BD3248A5F4000EE737B /* Assets.xcassets in Resources */,
				C5541BD1248A5F3E00EE737B /* Main.storyboard in Resources */,
			);
			runOnlyForDeploymentPostprocessing = 0;
		};
/* End PBXResourcesBuildPhase section */

/* Begin PBXShellScriptBuildPhase section */
		B2B5A379A5D4B3CA8BCDF2C8 /* [CP] Check Pods Manifest.lock */ = {
			isa = PBXShellScriptBuildPhase;
			buildActionMask = 2147483647;
			files = (
			);
			inputFileListPaths = (
			);
			inputPaths = (
				"${PODS_PODFILE_DIR_PATH}/Podfile.lock",
				"${PODS_ROOT}/Manifest.lock",
			);
			name = "[CP] Check Pods Manifest.lock";
			outputFileListPaths = (
			);
			outputPaths = (
				"$(DERIVED_FILE_DIR)/Pods-Weather-checkManifestLockResult.txt",
			);
			runOnlyForDeploymentPostprocessing = 0;
			shellPath = /bin/sh;
			shellScript = "diff \"${PODS_PODFILE_DIR_PATH}/Podfile.lock\" \"${PODS_ROOT}/Manifest.lock\" > /dev/null\nif [ $? != 0 ] ; then\n    # print error to STDERR\n    echo \"error: The sandbox is not in sync with the Podfile.lock. Run 'pod install' or update your CocoaPods installation.\" >&2\n    exit 1\nfi\n# This output is used by Xcode 'outputs' to avoid re-running this script phase.\necho \"SUCCESS\" > \"${SCRIPT_OUTPUT_FILE_0}\"\n";
			showEnvVarsInLog = 0;
		};
		C9D48FE22CEBF655EC44E99B /* [CP] Embed Pods Frameworks */ = {
			isa = PBXShellScriptBuildPhase;
			buildActionMask = 2147483647;
			files = (
			);
			inputFileListPaths = (
				"${PODS_ROOT}/Target Support Files/Pods-Weather/Pods-Weather-frameworks-${CONFIGURATION}-input-files.xcfilelist",
			);
			name = "[CP] Embed Pods Frameworks";
			outputFileListPaths = (
				"${PODS_ROOT}/Target Support Files/Pods-Weather/Pods-Weather-frameworks-${CONFIGURATION}-output-files.xcfilelist",
			);
			runOnlyForDeploymentPostprocessing = 0;
			shellPath = /bin/sh;
			shellScript = "\"${PODS_ROOT}/Target Support Files/Pods-Weather/Pods-Weather-frameworks.sh\"\n";
			showEnvVarsInLog = 0;
		};
/* End PBXShellScriptBuildPhase section */

/* Begin PBXSourcesBuildPhase section */
		C5541BC2248A5F3E00EE737B /* Sources */ = {
			isa = PBXSourcesBuildPhase;
			buildActionMask = 2147483647;
			files = (
				C5CF454A248AB872006059C7 /* Constant.swift in Sources */,
				C57BF992248B988000CD1B1C /* WebViewController.swift in Sources */,
				C5B04C27248A8EAE00E5FCCF /* LoginViewController.swift in Sources */,
				C57BF98C248B7D6400CD1B1C /* WeatherCell.swift in Sources */,
				C53377F8248AAAD9002779A5 /* Style.swift in Sources */,
				C5CF454C248ABB01006059C7 /* HomeViewController.swift in Sources */,
				C53377F6248A9D97002779A5 /* RegisterViewController.swift in Sources */,
				C5541BCE248A5F3E00EE737B /* ViewController.swift in Sources */,
				C5CF4550248B7533006059C7 /* HomeTableViewController.swift in Sources */,
				C5541BCA248A5F3E00EE737B /* AppDelegate.swift in Sources */,
				C5541BCC248A5F3E00EE737B /* SceneDelegate.swift in Sources */,
			);
			runOnlyForDeploymentPostprocessing = 0;
		};
/* End PBXSourcesBuildPhase section */

/* Begin PBXVariantGroup section */
		C5541BCF248A5F3E00EE737B /* Main.storyboard */ = {
			isa = PBXVariantGroup;
			children = (
				C5541BD0248A5F3E00EE737B /* Base */,
			);
			name = Main.storyboard;
			sourceTree = "<group>";
		};
		C5541BD4248A5F4000EE737B /* LaunchScreen.storyboard */ = {
			isa = PBXVariantGroup;
			children = (
				C5541BD5248A5F4000EE737B /* Base */,
			);
			name = LaunchScreen.storyboard;
			sourceTree = "<group>";
		};
/* End PBXVariantGroup section */

/* Begin XCBuildConfiguration section */
		C5541BD8248A5F4000EE737B /* Debug */ = {
			isa = XCBuildConfiguration;
			buildSettings = {
				ALWAYS_SEARCH_USER_PATHS = NO;
				CLANG_ANALYZER_NONNULL = YES;
				CLANG_ANALYZER_NUMBER_OBJECT_CONVERSION = YES_AGGRESSIVE;
				CLANG_CXX_LANGUAGE_STANDARD = "gnu++14";
				CLANG_CXX_LIBRARY = "libc++";
				CLANG_ENABLE_MODULES = YES;
				CLANG_ENABLE_OBJC_ARC = YES;
				CLANG_ENABLE_OBJC_WEAK = YES;
				CLANG_WARN_BLOCK_CAPTURE_AUTORELEASING = YES;
				CLANG_WARN_BOOL_CONVERSION = YES;
				CLANG_WARN_COMMA = YES;
				CLANG_WARN_CONSTANT_CONVERSION = YES;
				CLANG_WARN_DEPRECATED_OBJC_IMPLEMENTATIONS = YES;
				CLANG_WARN_DIRECT_OBJC_ISA_USAGE = YES_ERROR;
				CLANG_WARN_DOCUMENTATION_COMMENTS = YES;
				CLANG_WARN_EMPTY_BODY = YES;
				CLANG_WARN_ENUM_CONVERSION = YES;
				CLANG_WARN_INFINITE_RECURSION = YES;
				CLANG_WARN_INT_CONVERSION = YES;
				CLANG_WARN_NON_LITERAL_NULL_CONVERSION = YES;
				CLANG_WARN_OBJC_IMPLICIT_RETAIN_SELF = YES;
				CLANG_WARN_OBJC_LITERAL_CONVERSION = YES;
				CLANG_WARN_OBJC_ROOT_CLASS = YES_ERROR;
				CLANG_WARN_RANGE_LOOP_ANALYSIS = YES;
				CLANG_WARN_STRICT_PROTOTYPES = YES;
				CLANG_WARN_SUSPICIOUS_MOVE = YES;
				CLANG_WARN_UNGUARDED_AVAILABILITY = YES_AGGRESSIVE;
				CLANG_WARN_UNREACHABLE_CODE = YES;
				CLANG_WARN__DUPLICATE_METHOD_MATCH = YES;
				COPY_PHASE_STRIP = NO;
				DEBUG_INFORMATION_FORMAT = dwarf;
				ENABLE_STRICT_OBJC_MSGSEND = YES;
				ENABLE_TESTABILITY = YES;
				GCC_C_LANGUAGE_STANDARD = gnu11;
				GCC_DYNAMIC_NO_PIC = NO;
				GCC_NO_COMMON_BLOCKS = YES;
				GCC_OPTIMIZATION_LEVEL = 0;
				GCC_PREPROCESSOR_DEFINITIONS = (
					"DEBUG=1",
					"$(inherited)",
				);
				GCC_WARN_64_TO_32_BIT_CONVERSION = YES;
				GCC_WARN_ABOUT_RETURN_TYPE = YES_ERROR;
				GCC_WARN_UNDECLARED_SELECTOR = YES;
				GCC_WARN_UNINITIALIZED_AUTOS = YES_AGGRESSIVE;
				GCC_WARN_UNUSED_FUNCTION = YES;
				GCC_WARN_UNUSED_VARIABLE = YES;
				IPHONEOS_DEPLOYMENT_TARGET = 13.2;
				MTL_ENABLE_DEBUG_INFO = INCLUDE_SOURCE;
				MTL_FAST_MATH = YES;
				ONLY_ACTIVE_ARCH = YES;
				SDKROOT = iphoneos;
				SWIFT_ACTIVE_COMPILATION_CONDITIONS = DEBUG;
				SWIFT_OPTIMIZATION_LEVEL = "-Onone";
			};
			name = Debug;
		};
		C5541BD9248A5F4000EE737B /* Release */ = {
			isa = XCBuildConfiguration;
			buildSettings = {
				ALWAYS_SEARCH_USER_PATHS = NO;
				CLANG_ANALYZER_NONNULL = YES;
				CLANG_ANALYZER_NUMBER_OBJECT_CONVERSION = YES_AGGRESSIVE;
				CLANG_CXX_LANGUAGE_STANDARD = "gnu++14";
				CLANG_CXX_LIBRARY = "libc++";
				CLANG_ENABLE_MODULES = YES;
				CLANG_ENABLE_OBJC_ARC = YES;
				CLANG_ENABLE_OBJC_WEAK = YES;
				CLANG_WARN_BLOCK_CAPTURE_AUTORELEASING = YES;
				CLANG_WARN_BOOL_CONVERSION = YES;
				CLANG_WARN_COMMA = YES;
				CLANG_WARN_CONSTANT_CONVERSION = YES;
				CLANG_WARN_DEPRECATED_OBJC_IMPLEMENTATIONS = YES;
				CLANG_WARN_DIRECT_OBJC_ISA_USAGE = YES_ERROR;
				CLANG_WARN_DOCUMENTATION_COMMENTS = YES;
				CLANG_WARN_EMPTY_BODY = YES;
				CLANG_WARN_ENUM_CONVERSION = YES;
				CLANG_WARN_INFINITE_RECURSION = YES;
				CLANG_WARN_INT_CONVERSION = YES;
				CLANG_WARN_NON_LITERAL_NULL_CONVERSION = YES;
				CLANG_WARN_OBJC_IMPLICIT_RETAIN_SELF = YES;
				CLANG_WARN_OBJC_LITERAL_CONVERSION = YES;
				CLANG_WARN_OBJC_ROOT_CLASS = YES_ERROR;
				CLANG_WARN_RANGE_LOOP_ANALYSIS = YES;
				CLANG_WARN_STRICT_PROTOTYPES = YES;
				CLANG_WARN_SUSPICIOUS_MOVE = YES;
				CLANG_WARN_UNGUARDED_AVAILABILITY = YES_AGGRESSIVE;
				CLANG_WARN_UNREACHABLE_CODE = YES;
				CLANG_WARN__DUPLICATE_METHOD_MATCH = YES;
				COPY_PHASE_STRIP = NO;
				DEBUG_INFORMATION_FORMAT = "dwarf-with-dsym";
				ENABLE_NS_ASSERTIONS = NO;
				ENABLE_STRICT_OBJC_MSGSEND = YES;
				GCC_C_LANGUAGE_STANDARD = gnu11;
				GCC_NO_COMMON_BLOCKS = YES;
				GCC_WARN_64_TO_32_BIT_CONVERSION = YES;
				GCC_WARN_ABOUT_RETURN_TYPE = YES_ERROR;
				GCC_WARN_UNDECLARED_SELECTOR = YES;
				GCC_WARN_UNINITIALIZED_AUTOS = YES_AGGRESSIVE;
				GCC_WARN_UNUSED_FUNCTION = YES;
				GCC_WARN_UNUSED_VARIABLE = YES;
				IPHONEOS_DEPLOYMENT_TARGET = 13.2;
				MTL_ENABLE_DEBUG_INFO = NO;
				MTL_FAST_MATH = YES;
				SDKROOT = iphoneos;
				SWIFT_COMPILATION_MODE = wholemodule;
				SWIFT_OPTIMIZATION_LEVEL = "-O";
				VALIDATE_PRODUCT = YES;
			};
			name = Release;
		};
		C5541BDB248A5F4000EE737B /* Debug */ = {
			isa = XCBuildConfiguration;
			baseConfigurationReference = FA13B73EFD53FEC4B58658A2 /* Pods-Weather.debug.xcconfig */;
			buildSettings = {
				ASSETCATALOG_COMPILER_APPICON_NAME = AppIcon;
				CODE_SIGN_STYLE = Automatic;
				DEVELOPMENT_TEAM = 6ZFS657T4Z;
				INFOPLIST_FILE = Weather/Info.plist;
				LD_RUNPATH_SEARCH_PATHS = (
					"$(inherited)",
					"@executable_path/Frameworks",
				);
				PRODUCT_BUNDLE_IDENTIFIER = com.vans.Weather;
				PRODUCT_NAME = "$(TARGET_NAME)";
				SWIFT_VERSION = 5.0;
				TARGETED_DEVICE_FAMILY = "1,2";
			};
			name = Debug;
		};
		C5541BDC248A5F4000EE737B /* Release */ = {
			isa = XCBuildConfiguration;
			baseConfigurationReference = 106C933A55A3BE600CF308B6 /* Pods-Weather.release.xcconfig */;
			buildSettings = {
				ASSETCATALOG_COMPILER_APPICON_NAME = AppIcon;
				CODE_SIGN_STYLE = Automatic;
				DEVELOPMENT_TEAM = 6ZFS657T4Z;
				INFOPLIST_FILE = Weather/Info.plist;
				LD_RUNPATH_SEARCH_PATHS = (
					"$(inherited)",
					"@executable_path/Frameworks",
				);
				PRODUCT_BUNDLE_IDENTIFIER = com.vans.Weather;
				PRODUCT_NAME = "$(TARGET_NAME)";
				SWIFT_VERSION = 5.0;
				TARGETED_DEVICE_FAMILY = "1,2";
			};
			name = Release;
		};
/* End XCBuildConfiguration section */

/* Begin XCConfigurationList section */
		C5541BC1248A5F3E00EE737B /* Build configuration list for PBXProject "Weather" */ = {
			isa = XCConfigurationList;
			buildConfigurations = (
				C5541BD8248A5F4000EE737B /* Debug */,
				C5541BD9248A5F4000EE737B /* Release */,
			);
			defaultConfigurationIsVisible = 0;
			defaultConfigurationName = Release;
		};
		C5541BDA248A5F4000EE737B /* Build configuration list for PBXNativeTarget "Weather" */ = {
			isa = XCConfigurationList;
			buildConfigurations = (
				C5541BDB248A5F4000EE737B /* Debug */,
				C5541BDC248A5F4000EE737B /* Release */,
			);
			defaultConfigurationIsVisible = 0;
			defaultConfigurationName = Release;
		};
/* End XCConfigurationList section */
	};
	rootObject = C5541BBE248A5F3E00EE737B /* Project object */;
}
